
Microsoft Visual Studio Solution File, Format Version 12.00
# Visual Studio Version 16
VisualStudioVersion = 16.0.31205.134
MinimumVisualStudioVersion = 10.0.40219.1
Project("{FAE04EC0-301F-11D3-BF4B-00C04F79EFBC}") = "URI - 1143", "URI - 1143\URI - 1143.csproj", "{75E51287-8885-4C4E-A5F2-97169662AE13}"
EndProject
Global
	GlobalSection(SolutionConfigurationPlatforms) = preSolution
		Debug|Any CPU = Debug|Any CPU
		Release|Any CPU = Release|Any CPU
	EndGlobalSection
	GlobalSection(ProjectConfigurationPlatforms) = postSolution
		{75E51287-8885-4C4E-A5F2-97169662AE13}.Debug|Any CPU.ActiveCfg = Debug|Any CPU
		{75E51287-8885-4C4E-A5F2-97169662AE13}.Debug|Any CPU.Build.0 = Debug|Any CPU
		{75E51287-8885-4C4E-A5F2-97169662AE13}.Release|Any CPU.ActiveCfg = Release|Any CPU
		{75E51287-8885-4C4E-A5F2-97169662AE13}.Release|Any CPU.Build.0 = Release|Any CPU
	EndGlobalSection
	GlobalSection(SolutionProperties) = preSolution
		HideSolutionNode = FALSE
	EndGlobalSection
	GlobalSection(ExtensibilityGlobals) = postSolution
		SolutionGuid = {01E46EE8-7CDD-4549-9D01-92388D540C32}
	EndGlobalSection
EndGlobal
