
Microsoft Visual Studio Solution File, Format Version 12.00
# Visual Studio Version 16
VisualStudioVersion = 16.0.30114.105
MinimumVisualStudioVersion = 10.0.40219.1
Project("{FAE04EC0-301F-11D3-BF4B-00C04F79EFBC}") = "Exercicio15", "Exercicio15\Exercicio15.csproj", "{CED55E26-731F-4A89-8188-B1178FF176F9}"
EndProject
Global
	GlobalSection(SolutionConfigurationPlatforms) = preSolution
		Debug|Any CPU = Debug|Any CPU
		Release|Any CPU = Release|Any CPU
	EndGlobalSection
	GlobalSection(ProjectConfigurationPlatforms) = postSolution
		{CED55E26-731F-4A89-8188-B1178FF176F9}.Debug|Any CPU.ActiveCfg = Debug|Any CPU
		{CED55E26-731F-4A89-8188-B1178FF176F9}.Debug|Any CPU.Build.0 = Debug|Any CPU
		{CED55E26-731F-4A89-8188-B1178FF176F9}.Release|Any CPU.ActiveCfg = Release|Any CPU
		{CED55E26-731F-4A89-8188-B1178FF176F9}.Release|Any CPU.Build.0 = Release|Any CPU
	EndGlobalSection
	GlobalSection(SolutionProperties) = preSolution
		HideSolutionNode = FALSE
	EndGlobalSection
	GlobalSection(ExtensibilityGlobals) = postSolution
		SolutionGuid = {922CD715-9057-467B-9077-79A805E3F1A1}
	EndGlobalSection
EndGlobal
