
Microsoft Visual Studio Solution File, Format Version 12.00
# Visual Studio Version 16
VisualStudioVersion = 16.0.31205.134
MinimumVisualStudioVersion = 10.0.40219.1
Project("{FAE04EC0-301F-11D3-BF4B-00C04F79EFBC}") = "URI - 1070", "URI - 1070\URI - 1070.csproj", "{733BD202-E8AD-421C-A478-B1A217DC2A3B}"
EndProject
Global
	GlobalSection(SolutionConfigurationPlatforms) = preSolution
		Debug|Any CPU = Debug|Any CPU
		Release|Any CPU = Release|Any CPU
	EndGlobalSection
	GlobalSection(ProjectConfigurationPlatforms) = postSolution
		{733BD202-E8AD-421C-A478-B1A217DC2A3B}.Debug|Any CPU.ActiveCfg = Debug|Any CPU
		{733BD202-E8AD-421C-A478-B1A217DC2A3B}.Debug|Any CPU.Build.0 = Debug|Any CPU
		{733BD202-E8AD-421C-A478-B1A217DC2A3B}.Release|Any CPU.ActiveCfg = Release|Any CPU
		{733BD202-E8AD-421C-A478-B1A217DC2A3B}.Release|Any CPU.Build.0 = Release|Any CPU
	EndGlobalSection
	GlobalSection(SolutionProperties) = preSolution
		HideSolutionNode = FALSE
	EndGlobalSection
	GlobalSection(ExtensibilityGlobals) = postSolution
		SolutionGuid = {E017C0B9-1824-4AAE-8D0E-7FF43F5B0B75}
	EndGlobalSection
EndGlobal
