
Microsoft Visual Studio Solution File, Format Version 12.00
# Visual Studio Version 16
VisualStudioVersion = 16.0.31313.79
MinimumVisualStudioVersion = 10.0.40219.1
Project("{FAE04EC0-301F-11D3-BF4B-00C04F79EFBC}") = "Matriz 5", "Matriz 5\Matriz 5.csproj", "{40578C00-34CE-4E44-AC9E-F70DF1FE4065}"
EndProject
Global
	GlobalSection(SolutionConfigurationPlatforms) = preSolution
		Debug|Any CPU = Debug|Any CPU
		Release|Any CPU = Release|Any CPU
	EndGlobalSection
	GlobalSection(ProjectConfigurationPlatforms) = postSolution
		{40578C00-34CE-4E44-AC9E-F70DF1FE4065}.Debug|Any CPU.ActiveCfg = Debug|Any CPU
		{40578C00-34CE-4E44-AC9E-F70DF1FE4065}.Debug|Any CPU.Build.0 = Debug|Any CPU
		{40578C00-34CE-4E44-AC9E-F70DF1FE4065}.Release|Any CPU.ActiveCfg = Release|Any CPU
		{40578C00-34CE-4E44-AC9E-F70DF1FE4065}.Release|Any CPU.Build.0 = Release|Any CPU
	EndGlobalSection
	GlobalSection(SolutionProperties) = preSolution
		HideSolutionNode = FALSE
	EndGlobalSection
	GlobalSection(ExtensibilityGlobals) = postSolution
		SolutionGuid = {AB737908-DF64-4C93-9F0B-A8614C5CA58B}
	EndGlobalSection
EndGlobal
