
Microsoft Visual Studio Solution File, Format Version 12.00
# Visual Studio Version 16
VisualStudioVersion = 16.0.31205.134
MinimumVisualStudioVersion = 10.0.40219.1
Project("{FAE04EC0-301F-11D3-BF4B-00C04F79EFBC}") = "URI - 1144", "URI - 1144\URI - 1144.csproj", "{BEFA7C83-5AFC-431E-8DD2-D7BAB4FF457E}"
EndProject
Global
	GlobalSection(SolutionConfigurationPlatforms) = preSolution
		Debug|Any CPU = Debug|Any CPU
		Release|Any CPU = Release|Any CPU
	EndGlobalSection
	GlobalSection(ProjectConfigurationPlatforms) = postSolution
		{BEFA7C83-5AFC-431E-8DD2-D7BAB4FF457E}.Debug|Any CPU.ActiveCfg = Debug|Any CPU
		{BEFA7C83-5AFC-431E-8DD2-D7BAB4FF457E}.Debug|Any CPU.Build.0 = Debug|Any CPU
		{BEFA7C83-5AFC-431E-8DD2-D7BAB4FF457E}.Release|Any CPU.ActiveCfg = Release|Any CPU
		{BEFA7C83-5AFC-431E-8DD2-D7BAB4FF457E}.Release|Any CPU.Build.0 = Release|Any CPU
	EndGlobalSection
	GlobalSection(SolutionProperties) = preSolution
		HideSolutionNode = FALSE
	EndGlobalSection
	GlobalSection(ExtensibilityGlobals) = postSolution
		SolutionGuid = {8AE2D5C6-52EB-42F3-A1E9-7C5EA2B0411D}
	EndGlobalSection
EndGlobal
