
Microsoft Visual Studio Solution File, Format Version 12.00
# Visual Studio Version 16
VisualStudioVersion = 16.0.30114.105
MinimumVisualStudioVersion = 10.0.40219.1
Project("{FAE04EC0-301F-11D3-BF4B-00C04F79EFBC}") = "Exercicio3", "Exercicio3\Exercicio3.csproj", "{B295C146-963D-4962-9623-B1322CC0A94F}"
EndProject
Global
	GlobalSection(SolutionConfigurationPlatforms) = preSolution
		Debug|Any CPU = Debug|Any CPU
		Release|Any CPU = Release|Any CPU
	EndGlobalSection
	GlobalSection(ProjectConfigurationPlatforms) = postSolution
		{B295C146-963D-4962-9623-B1322CC0A94F}.Debug|Any CPU.ActiveCfg = Debug|Any CPU
		{B295C146-963D-4962-9623-B1322CC0A94F}.Debug|Any CPU.Build.0 = Debug|Any CPU
		{B295C146-963D-4962-9623-B1322CC0A94F}.Release|Any CPU.ActiveCfg = Release|Any CPU
		{B295C146-963D-4962-9623-B1322CC0A94F}.Release|Any CPU.Build.0 = Release|Any CPU
	EndGlobalSection
	GlobalSection(SolutionProperties) = preSolution
		HideSolutionNode = FALSE
	EndGlobalSection
	GlobalSection(ExtensibilityGlobals) = postSolution
		SolutionGuid = {BC81723B-E0DC-4565-BDD8-7C13B2540B52}
	EndGlobalSection
EndGlobal
