
Microsoft Visual Studio Solution File, Format Version 12.00
# Visual Studio Version 16
VisualStudioVersion = 16.0.31205.134
MinimumVisualStudioVersion = 10.0.40219.1
Project("{FAE04EC0-301F-11D3-BF4B-00C04F79EFBC}") = "URI - 1071", "URI - 1071\URI - 1071.csproj", "{74636FD5-C441-452A-B885-014137F3470B}"
EndProject
Global
	GlobalSection(SolutionConfigurationPlatforms) = preSolution
		Debug|Any CPU = Debug|Any CPU
		Release|Any CPU = Release|Any CPU
	EndGlobalSection
	GlobalSection(ProjectConfigurationPlatforms) = postSolution
		{74636FD5-C441-452A-B885-014137F3470B}.Debug|Any CPU.ActiveCfg = Debug|Any CPU
		{74636FD5-C441-452A-B885-014137F3470B}.Debug|Any CPU.Build.0 = Debug|Any CPU
		{74636FD5-C441-452A-B885-014137F3470B}.Release|Any CPU.ActiveCfg = Release|Any CPU
		{74636FD5-C441-452A-B885-014137F3470B}.Release|Any CPU.Build.0 = Release|Any CPU
	EndGlobalSection
	GlobalSection(SolutionProperties) = preSolution
		HideSolutionNode = FALSE
	EndGlobalSection
	GlobalSection(ExtensibilityGlobals) = postSolution
		SolutionGuid = {8EE6A55C-423B-4EBB-AFEE-98B58EB1205A}
	EndGlobalSection
EndGlobal
