
Microsoft Visual Studio Solution File, Format Version 12.00
# Visual Studio Version 16
VisualStudioVersion = 16.0.31313.79
MinimumVisualStudioVersion = 10.0.40219.1
Project("{FAE04EC0-301F-11D3-BF4B-00C04F79EFBC}") = "URI - 1158", "URI - 1158\URI - 1158.csproj", "{36A7A72C-115F-47BA-A8EE-8C4E5174962E}"
EndProject
Global
	GlobalSection(SolutionConfigurationPlatforms) = preSolution
		Debug|Any CPU = Debug|Any CPU
		Release|Any CPU = Release|Any CPU
	EndGlobalSection
	GlobalSection(ProjectConfigurationPlatforms) = postSolution
		{36A7A72C-115F-47BA-A8EE-8C4E5174962E}.Debug|Any CPU.ActiveCfg = Debug|Any CPU
		{36A7A72C-115F-47BA-A8EE-8C4E5174962E}.Debug|Any CPU.Build.0 = Debug|Any CPU
		{36A7A72C-115F-47BA-A8EE-8C4E5174962E}.Release|Any CPU.ActiveCfg = Release|Any CPU
		{36A7A72C-115F-47BA-A8EE-8C4E5174962E}.Release|Any CPU.Build.0 = Release|Any CPU
	EndGlobalSection
	GlobalSection(SolutionProperties) = preSolution
		HideSolutionNode = FALSE
	EndGlobalSection
	GlobalSection(ExtensibilityGlobals) = postSolution
		SolutionGuid = {98258F0B-B695-49CF-B601-DAB4553890F0}
	EndGlobalSection
EndGlobal
