
Microsoft Visual Studio Solution File, Format Version 12.00
# Visual Studio Version 16
VisualStudioVersion = 16.0.31205.134
MinimumVisualStudioVersion = 10.0.40219.1
Project("{FAE04EC0-301F-11D3-BF4B-00C04F79EFBC}") = "URI - 1132", "URI - 1132\URI - 1132.csproj", "{C73C792B-07B8-43D2-8A73-3DD92894CCFD}"
EndProject
Global
	GlobalSection(SolutionConfigurationPlatforms) = preSolution
		Debug|Any CPU = Debug|Any CPU
		Release|Any CPU = Release|Any CPU
	EndGlobalSection
	GlobalSection(ProjectConfigurationPlatforms) = postSolution
		{C73C792B-07B8-43D2-8A73-3DD92894CCFD}.Debug|Any CPU.ActiveCfg = Debug|Any CPU
		{C73C792B-07B8-43D2-8A73-3DD92894CCFD}.Debug|Any CPU.Build.0 = Debug|Any CPU
		{C73C792B-07B8-43D2-8A73-3DD92894CCFD}.Release|Any CPU.ActiveCfg = Release|Any CPU
		{C73C792B-07B8-43D2-8A73-3DD92894CCFD}.Release|Any CPU.Build.0 = Release|Any CPU
	EndGlobalSection
	GlobalSection(SolutionProperties) = preSolution
		HideSolutionNode = FALSE
	EndGlobalSection
	GlobalSection(ExtensibilityGlobals) = postSolution
		SolutionGuid = {E2FAE07F-8D46-44F9-BB89-709CCE0E47E0}
	EndGlobalSection
EndGlobal
