
Microsoft Visual Studio Solution File, Format Version 12.00
# Visual Studio Version 16
VisualStudioVersion = 16.0.31205.134
MinimumVisualStudioVersion = 10.0.40219.1
Project("{FAE04EC0-301F-11D3-BF4B-00C04F79EFBC}") = "URI - 1072", "URI - 1072\URI - 1072.csproj", "{78240CEC-0829-45B6-B6D8-ABB37904D97E}"
EndProject
Global
	GlobalSection(SolutionConfigurationPlatforms) = preSolution
		Debug|Any CPU = Debug|Any CPU
		Release|Any CPU = Release|Any CPU
	EndGlobalSection
	GlobalSection(ProjectConfigurationPlatforms) = postSolution
		{78240CEC-0829-45B6-B6D8-ABB37904D97E}.Debug|Any CPU.ActiveCfg = Debug|Any CPU
		{78240CEC-0829-45B6-B6D8-ABB37904D97E}.Debug|Any CPU.Build.0 = Debug|Any CPU
		{78240CEC-0829-45B6-B6D8-ABB37904D97E}.Release|Any CPU.ActiveCfg = Release|Any CPU
		{78240CEC-0829-45B6-B6D8-ABB37904D97E}.Release|Any CPU.Build.0 = Release|Any CPU
	EndGlobalSection
	GlobalSection(SolutionProperties) = preSolution
		HideSolutionNode = FALSE
	EndGlobalSection
	GlobalSection(ExtensibilityGlobals) = postSolution
		SolutionGuid = {601355AB-9233-4F25-B4B4-3787C6A19737}
	EndGlobalSection
EndGlobal
