
Microsoft Visual Studio Solution File, Format Version 12.00
# Visual Studio Version 16
VisualStudioVersion = 16.0.31313.79
MinimumVisualStudioVersion = 10.0.40219.1
Project("{FAE04EC0-301F-11D3-BF4B-00C04F79EFBC}") = "Matriz 1", "Matriz 1\Matriz 1.csproj", "{A270E699-7EC1-4827-AE35-C359E54C95D1}"
EndProject
Global
	GlobalSection(SolutionConfigurationPlatforms) = preSolution
		Debug|Any CPU = Debug|Any CPU
		Release|Any CPU = Release|Any CPU
	EndGlobalSection
	GlobalSection(ProjectConfigurationPlatforms) = postSolution
		{A270E699-7EC1-4827-AE35-C359E54C95D1}.Debug|Any CPU.ActiveCfg = Debug|Any CPU
		{A270E699-7EC1-4827-AE35-C359E54C95D1}.Debug|Any CPU.Build.0 = Debug|Any CPU
		{A270E699-7EC1-4827-AE35-C359E54C95D1}.Release|Any CPU.ActiveCfg = Release|Any CPU
		{A270E699-7EC1-4827-AE35-C359E54C95D1}.Release|Any CPU.Build.0 = Release|Any CPU
	EndGlobalSection
	GlobalSection(SolutionProperties) = preSolution
		HideSolutionNode = FALSE
	EndGlobalSection
	GlobalSection(ExtensibilityGlobals) = postSolution
		SolutionGuid = {279EBDCC-0383-4D50-BDCB-A8DFE63A130B}
	EndGlobalSection
EndGlobal
