
Microsoft Visual Studio Solution File, Format Version 12.00
# Visual Studio Version 16
VisualStudioVersion = 16.0.31313.79
MinimumVisualStudioVersion = 10.0.40219.1
Project("{FAE04EC0-301F-11D3-BF4B-00C04F79EFBC}") = "URI - 1149", "URI - 1149\URI - 1149.csproj", "{49581884-C5BA-44E0-8F21-9B5510F23D1F}"
EndProject
Global
	GlobalSection(SolutionConfigurationPlatforms) = preSolution
		Debug|Any CPU = Debug|Any CPU
		Release|Any CPU = Release|Any CPU
	EndGlobalSection
	GlobalSection(ProjectConfigurationPlatforms) = postSolution
		{49581884-C5BA-44E0-8F21-9B5510F23D1F}.Debug|Any CPU.ActiveCfg = Debug|Any CPU
		{49581884-C5BA-44E0-8F21-9B5510F23D1F}.Debug|Any CPU.Build.0 = Debug|Any CPU
		{49581884-C5BA-44E0-8F21-9B5510F23D1F}.Release|Any CPU.ActiveCfg = Release|Any CPU
		{49581884-C5BA-44E0-8F21-9B5510F23D1F}.Release|Any CPU.Build.0 = Release|Any CPU
	EndGlobalSection
	GlobalSection(SolutionProperties) = preSolution
		HideSolutionNode = FALSE
	EndGlobalSection
	GlobalSection(ExtensibilityGlobals) = postSolution
		SolutionGuid = {F6C33D76-8634-4C3B-965D-885E9928CE2D}
	EndGlobalSection
EndGlobal
