
Microsoft Visual Studio Solution File, Format Version 12.00
# Visual Studio Version 16
VisualStudioVersion = 16.0.31205.134
MinimumVisualStudioVersion = 10.0.40219.1
Project("{FAE04EC0-301F-11D3-BF4B-00C04F79EFBC}") = "URI - 1113", "URI - 1113\URI - 1113.csproj", "{5951451B-76B3-4114-81EF-7AF302FA5FD1}"
EndProject
Global
	GlobalSection(SolutionConfigurationPlatforms) = preSolution
		Debug|Any CPU = Debug|Any CPU
		Release|Any CPU = Release|Any CPU
	EndGlobalSection
	GlobalSection(ProjectConfigurationPlatforms) = postSolution
		{5951451B-76B3-4114-81EF-7AF302FA5FD1}.Debug|Any CPU.ActiveCfg = Debug|Any CPU
		{5951451B-76B3-4114-81EF-7AF302FA5FD1}.Debug|Any CPU.Build.0 = Debug|Any CPU
		{5951451B-76B3-4114-81EF-7AF302FA5FD1}.Release|Any CPU.ActiveCfg = Release|Any CPU
		{5951451B-76B3-4114-81EF-7AF302FA5FD1}.Release|Any CPU.Build.0 = Release|Any CPU
	EndGlobalSection
	GlobalSection(SolutionProperties) = preSolution
		HideSolutionNode = FALSE
	EndGlobalSection
	GlobalSection(ExtensibilityGlobals) = postSolution
		SolutionGuid = {CA8FE860-9F4B-42DD-99F6-F77301C6E266}
	EndGlobalSection
EndGlobal
