
Microsoft Visual Studio Solution File, Format Version 12.00
# Visual Studio Version 16
VisualStudioVersion = 16.0.31313.79
MinimumVisualStudioVersion = 10.0.40219.1
Project("{FAE04EC0-301F-11D3-BF4B-00C04F79EFBC}") = "Vetor 9", "Vetor 9\Vetor 9.csproj", "{E52D487F-3D3B-43A1-A606-634F4D00B353}"
EndProject
Global
	GlobalSection(SolutionConfigurationPlatforms) = preSolution
		Debug|Any CPU = Debug|Any CPU
		Release|Any CPU = Release|Any CPU
	EndGlobalSection
	GlobalSection(ProjectConfigurationPlatforms) = postSolution
		{E52D487F-3D3B-43A1-A606-634F4D00B353}.Debug|Any CPU.ActiveCfg = Debug|Any CPU
		{E52D487F-3D3B-43A1-A606-634F4D00B353}.Debug|Any CPU.Build.0 = Debug|Any CPU
		{E52D487F-3D3B-43A1-A606-634F4D00B353}.Release|Any CPU.ActiveCfg = Release|Any CPU
		{E52D487F-3D3B-43A1-A606-634F4D00B353}.Release|Any CPU.Build.0 = Release|Any CPU
	EndGlobalSection
	GlobalSection(SolutionProperties) = preSolution
		HideSolutionNode = FALSE
	EndGlobalSection
	GlobalSection(ExtensibilityGlobals) = postSolution
		SolutionGuid = {83956C4E-05B0-4280-94E1-E7CB2350C90E}
	EndGlobalSection
EndGlobal
