
Microsoft Visual Studio Solution File, Format Version 12.00
# Visual Studio Version 16
VisualStudioVersion = 16.0.31205.134
MinimumVisualStudioVersion = 10.0.40219.1
Project("{FAE04EC0-301F-11D3-BF4B-00C04F79EFBC}") = "URI - 1051", "URI - 1051\URI - 1051.csproj", "{5842F367-2882-4B58-B0C5-9834674A1186}"
EndProject
Global
	GlobalSection(SolutionConfigurationPlatforms) = preSolution
		Debug|Any CPU = Debug|Any CPU
		Release|Any CPU = Release|Any CPU
	EndGlobalSection
	GlobalSection(ProjectConfigurationPlatforms) = postSolution
		{5842F367-2882-4B58-B0C5-9834674A1186}.Debug|Any CPU.ActiveCfg = Debug|Any CPU
		{5842F367-2882-4B58-B0C5-9834674A1186}.Debug|Any CPU.Build.0 = Debug|Any CPU
		{5842F367-2882-4B58-B0C5-9834674A1186}.Release|Any CPU.ActiveCfg = Release|Any CPU
		{5842F367-2882-4B58-B0C5-9834674A1186}.Release|Any CPU.Build.0 = Release|Any CPU
	EndGlobalSection
	GlobalSection(SolutionProperties) = preSolution
		HideSolutionNode = FALSE
	EndGlobalSection
	GlobalSection(ExtensibilityGlobals) = postSolution
		SolutionGuid = {1AD00D11-73FE-49E9-8552-3089861B901D}
	EndGlobalSection
EndGlobal
